{
	"name": "usage",
	"version": "0.0.9-alpha.0",
	"lockfileVersion": 2,
	"requires": true,
	"packages": {
		"": {
			"name": "usage",
			"version": "0.0.9-alpha.0",
			"license": "ISC",
			"dependencies": {
				"shared": "*"
			}
		},
		"../alpha": {
			"version": "0.0.7-alpha.0",
			"extraneous": true,
			"license": "ISC",
			"dependencies": {
				"lodash": "^4.17.21",
				"shared": "0.0.4-alpha.0"
			}
		},
		"../beta": {
			"version": "0.0.1-alpha.0",
			"extraneous": true,
			"license": "ISC"
		},
		"../shared": {
			"version": "0.0.5-alpha.0",
			"license": "ISC"
		},
		"node_modules/shared": {
			"resolved": "../shared",
			"link": true
		}
	},
	"dependencies": {
		"shared": {
			"version": "file:../shared"
		}
	}
}
